{
  "name": "mixtape-bot",
  "version": "1.0.0",
  "lockfileVersion": 1,
  "requires": true,
  "dependencies": {
    "@derhuerst/http-basic": {
      "version": "8.2.0",
      "resolved": "https://registry.npmjs.org/@derhuerst/http-basic/-/http-basic-8.2.0.tgz",
      "integrity": "sha512-v1cqPUpFjU8DInW4YkC9caGKy8kUkqz0z10yCHawkxgpaJPId0F5xKi8fUY5rqC58F9Muz9T136jNReZQH9xIw==",
      "requires": {
        "caseless": "^0.12.0",
        "concat-stream": "^1.6.2",
        "http-response-object": "^3.0.1",
        "parse-cache-control": "^1.0.1"
      }
    },
    "@types/node": {
      "version": "13.11.1",
      "resolved": "https://registry.npmjs.org/@types/node/-/node-13.11.1.tgz",
      "integrity": "sha512-eWQGP3qtxwL8FGneRrC5DwrJLGN4/dH1clNTuLfN81HCrxVtxRjygDTUoZJ5ASlDEeo0ppYFQjQIlXhtXpOn6g=="
    },
    "async-limiter": {
      "version": "1.0.1",
      "resolved": "https://registry.npmjs.org/async-limiter/-/async-limiter-1.0.1.tgz",
      "integrity": "sha512-csOlWGAcRFJaI6m+F2WKdnMKr4HhdhFVBk0H/QbJFMCr+uO2kwohwXQPxw/9OCxp05r5ghVBFSyioixx3gfkNQ=="
    },
    "buffer-from": {
      "version": "1.1.1",
      "resolved": "https://registry.npmjs.org/buffer-from/-/buffer-from-1.1.1.tgz",
      "integrity": "sha512-MQcXEUbCKtEo7bhqEs6560Hyd4XaovZlO/k9V3hjVUF/zwW7KBVdSK4gIt/bzwS9MbR5qob+F5jusZsb0YQK2A=="
    },
    "caseless": {
      "version": "0.12.0",
      "resolved": "https://registry.npmjs.org/caseless/-/caseless-0.12.0.tgz",
      "integrity": "sha1-G2gcIf+EAzyCZUMJBolCDRhxUdw="
    },
    "concat-stream": {
      "version": "1.6.2",
      "resolved": "https://registry.npmjs.org/concat-stream/-/concat-stream-1.6.2.tgz",
      "integrity": "sha512-27HBghJxjiZtIk3Ycvn/4kbJk/1uZuJFfuPEns6LaEvpvG1f0hTea8lilrouyo9mVc2GWdcEZ8OLoGmSADlrCw==",
      "requires": {
        "buffer-from": "^1.0.0",
        "inherits": "^2.0.3",
        "readable-stream": "^2.2.2",
        "typedarray": "^0.0.6"
      }
    },
    "core-util-is": {
      "version": "1.0.2",
      "resolved": "https://registry.npmjs.org/core-util-is/-/core-util-is-1.0.2.tgz",
      "integrity": "sha1-tf1UIgqivFq1eqtxQMlAdUUDwac="
    },
    "discord.js": {
      "version": "11.6.4",
      "resolved": "https://registry.npmjs.org/discord.js/-/discord.js-11.6.4.tgz",
      "integrity": "sha512-cK6rH1PuGjSjpmEQbnpuTxq1Yv8B89SotyKUFcr4RhnsiZnfBfDOev7DD7v5vhtEyyj51NuMWFoRJzgy/m08Uw==",
      "requires": {
        "long": "^4.0.0",
        "prism-media": "^0.0.4",
        "snekfetch": "^3.6.4",
        "tweetnacl": "^1.0.0",
        "ws": "^6.0.0"
      }
    },
    "env-paths": {
      "version": "2.2.0",
      "resolved": "https://registry.npmjs.org/env-paths/-/env-paths-2.2.0.tgz",
      "integrity": "sha512-6u0VYSCo/OW6IoD5WCLLy9JUGARbamfSavcNXry/eu8aHVFei6CD3Sw+VGX5alea1i9pgPHW0mbu6Xj0uBh7gA=="
    },
    "ffmpeg-static": {
      "version": "4.1.1",
      "resolved": "https://registry.npmjs.org/ffmpeg-static/-/ffmpeg-static-4.1.1.tgz",
      "integrity": "sha512-+kKq+nbnydsQPIpH0RkGNlaGGKCLnprNwSlgXlwoTjL/ULgqRVvgTvjxIGw/OoWCXQLxLhRxeXkpIIgzj0UCJg==",
      "requires": {
        "@derhuerst/http-basic": "^8.2.0",
        "env-paths": "^2.2.0",
        "progress": "^2.0.3"
      }
    },
    "html-entities": {
      "version": "1.3.1",
      "resolved": "https://registry.npmjs.org/html-entities/-/html-entities-1.3.1.tgz",
      "integrity": "sha512-rhE/4Z3hIhzHAUKbW8jVcCyuT5oJCXXqhN/6mXXVCpzTmvJnoH2HL/bt3EZ6p55jbFJBeAe1ZNpL5BugLujxNA=="
    },
    "http-response-object": {
      "version": "3.0.2",
      "resolved": "https://registry.npmjs.org/http-response-object/-/http-response-object-3.0.2.tgz",
      "integrity": "sha512-bqX0XTF6fnXSQcEJ2Iuyr75yVakyjIDCqroJQ/aHfSdlM743Cwqoi2nDYMzLGWUcuTWGWy8AAvOKXTfiv6q9RA==",
      "requires": {
        "@types/node": "^10.0.3"
      },
      "dependencies": {
        "@types/node": {
          "version": "10.17.19",
          "resolved": "https://registry.npmjs.org/@types/node/-/node-10.17.19.tgz",
          "integrity": "sha512-46/xThm3zvvc9t9/7M3AaLEqtOpqlYYYcCZbpYVAQHG20+oMZBkae/VMrn4BTi6AJ8cpack0mEXhGiKmDNbLrQ=="
        }
      }
    },
    "inherits": {
      "version": "2.0.3",
      "resolved": "https://registry.npmjs.org/inherits/-/inherits-2.0.3.tgz",
      "integrity": "sha1-Yzwsg+PaQqUC9SRmAiSA9CCCYd4="
    },
    "isarray": {
      "version": "1.0.0",
      "resolved": "https://registry.npmjs.org/isarray/-/isarray-1.0.0.tgz",
      "integrity": "sha1-u5NdSFgsuhaMBoNJV6VKPgcSTxE="
    },
    "iso8601-duration": {
      "version": "1.1.7",
      "resolved": "https://registry.npmjs.org/iso8601-duration/-/iso8601-duration-1.1.7.tgz",
      "integrity": "sha512-vH8UmELp9cRY3RGPM/E7x8d2uY5/1yMzuphia7YbRBrQFN7HiQll/2syPV23wD/7J2hVZVHHpI+Vi49LjiLYUA=="
    },
    "long": {
      "version": "4.0.0",
      "resolved": "https://registry.npmjs.org/long/-/long-4.0.0.tgz",
      "integrity": "sha512-XsP+KhQif4bjX1kbuSiySJFNAehNxgLb6hPRGJ9QsUr8ajHkuXGdrHmFUTUUXhDwVX2R5bY4JNZEwbUiMhV+MA=="
    },
    "m3u8stream": {
      "version": "0.6.5",
      "resolved": "https://registry.npmjs.org/m3u8stream/-/m3u8stream-0.6.5.tgz",
      "integrity": "sha512-QZCzhcfUliZfsOboi68QkNcMejPKTEhxE+s1TApvHubDeR8ythm4ViWuYFqgUwZeoHe8q0nsPxOvA3lQvdSzyg==",
      "requires": {
        "miniget": "^1.6.1",
        "sax": "^1.2.4"
      }
    },
    "miniget": {
      "version": "1.7.0",
      "resolved": "https://registry.npmjs.org/miniget/-/miniget-1.7.0.tgz",
      "integrity": "sha512-yrgaDSMRzrfYTkudB4Y6xK8pCb7oAH2bvfv6iPY2m6CedZfs9yK4b/ofh0Vzv08hCYXH/HHkoS8an6fkWtOAQA=="
    },
    "node-fetch": {
      "version": "2.6.1",
      "resolved": "https://registry.npmjs.org/node-fetch/-/node-fetch-2.6.1.tgz",
      "integrity": "sha512-V4aYg89jEoVRxRb2fJdAg8FHvI7cEyYdVAh94HH0UIK8oJxUfkjlDQN9RbMx+bEjP7+ggMiFRprSti032Oipxw=="
    },
    "opusscript": {
      "version": "0.0.6",
      "resolved": "https://registry.npmjs.org/opusscript/-/opusscript-0.0.6.tgz",
      "integrity": "sha512-F7nx1SWZCD5Rq2W+5Fx39HlkRkz/5Zqt0LglEB9uHexk8HjedDEiM+u/Y2rBfDFcS/0uQIWu2lJhw+Gjsta+cA=="
    },
    "parse-cache-control": {
      "version": "1.0.1",
      "resolved": "https://registry.npmjs.org/parse-cache-control/-/parse-cache-control-1.0.1.tgz",
      "integrity": "sha1-juqz5U+laSD+Fro493+iGqzC104="
    },
    "prism-media": {
      "version": "0.0.4",
      "resolved": "https://registry.npmjs.org/prism-media/-/prism-media-0.0.4.tgz",
      "integrity": "sha512-dG2w7WtovUa4SiYTdWn9H8Bd4JNdei2djtkP/Bk9fXq81j5Q15ZPHYSwhUVvBRbp5zMkGtu0Yk62HuMcly0pRw=="
    },
    "process-nextick-args": {
      "version": "2.0.0",
      "resolved": "https://registry.npmjs.org/process-nextick-args/-/process-nextick-args-2.0.0.tgz",
      "integrity": "sha512-MtEC1TqN0EU5nephaJ4rAtThHtC86dNN9qCuEhtshvpVBkAW5ZO7BASN9REnF9eoXGcRub+pFuKEpOHE+HbEMw=="
    },
    "progress": {
      "version": "2.0.3",
      "resolved": "https://registry.npmjs.org/progress/-/progress-2.0.3.tgz",
      "integrity": "sha512-7PiHtLll5LdnKIMw100I+8xJXR5gW2QwWYkT6iJva0bXitZKa/XMrSbdmg3r2Xnaidz9Qumd0VPaMrZlF9V9sA=="
    },
    "readable-stream": {
      "version": "2.3.6",
      "resolved": "https://registry.npmjs.org/readable-stream/-/readable-stream-2.3.6.tgz",
      "integrity": "sha512-tQtKA9WIAhBF3+VLAseyMqZeBjW0AHJoxOtYqSUZNJxauErmLbVm2FW1y+J/YA9dUrAC39ITejlZWhVIwawkKw==",
      "requires": {
        "core-util-is": "~1.0.0",
        "inherits": "~2.0.3",
        "isarray": "~1.0.0",
        "process-nextick-args": "~2.0.0",
        "safe-buffer": "~5.1.1",
        "string_decoder": "~1.1.1",
        "util-deprecate": "~1.0.1"
      }
    },
    "safe-buffer": {
      "version": "5.1.2",
      "resolved": "https://registry.npmjs.org/safe-buffer/-/safe-buffer-5.1.2.tgz",
      "integrity": "sha512-Gd2UZBJDkXlY7GbJxfsE8/nvKkUEU1G38c1siN6QP6a9PT9MmHB8GnpscSmMJSoF8LOIrt8ud/wPtojys4G6+g=="
    },
    "sax": {
      "version": "1.2.4",
      "resolved": "https://registry.npmjs.org/sax/-/sax-1.2.4.tgz",
      "integrity": "sha512-NqVDv9TpANUjFm0N8uM5GxL36UgKi9/atZw+x7YFnQ8ckwFGKrl4xX4yWtrey3UJm5nP1kUbnYgLopqWNSRhWw=="
    },
    "simple-youtube-api": {
      "version": "5.1.1",
      "resolved": "https://registry.npmjs.org/simple-youtube-api/-/simple-youtube-api-5.1.1.tgz",
      "integrity": "sha512-cbWRGTDjWDrC+8LR3gpLaXeRb0+e/eiX/bKYIS0tQ4gBUimhXVhsWWhzWJ49aTBnAA0vChrD3U0ZDL8/CUWNcA==",
      "requires": {
        "iso8601-duration": "^1.0.0",
        "node-fetch": "^2.2.1"
      }
    },
    "snekfetch": {
      "version": "3.6.4",
      "resolved": "https://registry.npmjs.org/snekfetch/-/snekfetch-3.6.4.tgz",
      "integrity": "sha512-NjxjITIj04Ffqid5lqr7XdgwM7X61c/Dns073Ly170bPQHLm6jkmelye/eglS++1nfTWktpP6Y2bFXjdPlQqdw=="
    },
    "string_decoder": {
      "version": "1.1.1",
      "resolved": "https://registry.npmjs.org/string_decoder/-/string_decoder-1.1.1.tgz",
      "integrity": "sha512-n/ShnvDi6FHbbVfviro+WojiFzv+s8MPMHBczVePfUpDJLwoLT0ht1l4YwBCbi8pJAveEEdnkHyPyTP/mzRfwg==",
      "requires": {
        "safe-buffer": "~5.1.0"
      }
    },
    "tweetnacl": {
      "version": "1.0.3",
      "resolved": "https://registry.npmjs.org/tweetnacl/-/tweetnacl-1.0.3.tgz",
      "integrity": "sha512-6rt+RN7aOi1nGMyC4Xa5DdYiukl2UWCbcJft7YhxReBGQD7OAM8Pbxw6YMo4r2diNEA8FEmu32YOn9rhaiE5yw=="
    },
    "typedarray": {
      "version": "0.0.6",
      "resolved": "https://registry.npmjs.org/typedarray/-/typedarray-0.0.6.tgz",
      "integrity": "sha1-hnrHTjhkGHsdPUfZlqeOxciDB3c="
    },
    "util-deprecate": {
      "version": "1.0.2",
      "resolved": "https://registry.npmjs.org/util-deprecate/-/util-deprecate-1.0.2.tgz",
      "integrity": "sha1-RQ1Nyfpw3nMnYvvS1KKJgUGaDM8="
    },
    "ws": {
      "version": "6.2.1",
      "resolved": "https://registry.npmjs.org/ws/-/ws-6.2.1.tgz",
      "integrity": "sha512-GIyAXC2cB7LjvpgMt9EKS2ldqr0MTrORaleiOno6TweZ6r3TKtoFQWay/2PceJ3RuBasOHzXNn5Lrw1X0bEjqA==",
      "requires": {
        "async-limiter": "~1.0.0"
      }
    },
    "ytdl-core": {
      "version": "2.0.1",
      "resolved": "https://registry.npmjs.org/ytdl-core/-/ytdl-core-2.0.1.tgz",
      "integrity": "sha512-PZBcVzQpkBxi9OQh9I4QIrYNmkbM/zh4QJQuxE8I6RojLUVYkkps5iLYquE3H+pwmBXtEXQMDJfVRajgdiz+iA==",
      "requires": {
        "html-entities": "^1.1.3",
        "m3u8stream": "^0.6.3",
        "miniget": "^1.7.0",
        "sax": "^1.1.3"
      }
    },
    "ytdl-core-discord": {
      "version": "1.2.0",
      "resolved": "https://registry.npmjs.org/ytdl-core-discord/-/ytdl-core-discord-1.2.0.tgz",
      "integrity": "sha512-BTE0eslSZzovThOAXbT9KZjsh2spu9y0nl9ZNrGNn4rLip8xocmYpDUEN8X03tTcGUybpzyN8J7wwM2/gNLRiA==",
      "requires": {
        "@types/node": "^13.11.1",
        "prism-media": "^1.2.1",
        "ytdl-core": "^2.0.1"
      },
      "dependencies": {
        "prism-media": {
          "version": "1.2.1",
          "resolved": "https://registry.npmjs.org/prism-media/-/prism-media-1.2.1.tgz",
          "integrity": "sha512-R3EbKwJiYlTvGwcG1DpUt+06DsxOGS5W4AMEHT7oVOjG93MjpdhGX1whHyjnqknylLMupKAsKMEXcTNRbPe6Vw=="
        }
      }
    }
  }
}
